
Microsoft Visual Studio Solution File, Format Version 12.00
# Visual Studio 2013
VisualStudioVersion = 12.0.40629.0
MinimumVisualStudioVersion = 10.0.40219.1
Project("{FAE04EC0-301F-11D3-BF4B-00C04F79EFBC}") = "eObchod.Server.Logic", "eObchod.Server.Logic\eObchod.Server.Logic.csproj", "{DDE344CF-F4B6-442B-A3AF-48F2DB0D055A}"
EndProject
Project("{FAE04EC0-301F-11D3-BF4B-00C04F79EFBC}") = "eObchod.Server.API", "eObchod.Server.API\eObchod.Server.API.csproj", "{7768F976-786F-4D41-87E8-BF288D34FB4F}"
EndProject
Project("{FAE04EC0-301F-11D3-BF4B-00C04F79EFBC}") = "eObchod.Server.Database", "eObchod.Server.Database\eObchod.Server.Database.csproj", "{3C18002A-2017-41DD-ACCF-4F762A61B4E5}"
EndProject
Project("{FAE04EC0-301F-11D3-BF4B-00C04F79EFBC}") = "eObchod.Server.DataStructures", "eObchod.Server.DataStructures\eObchod.Server.DataStructures.csproj", "{D7810A87-1ABC-4D1B-8013-D787E4113DFD}"
EndProject
Global
	GlobalSection(SolutionConfigurationPlatforms) = preSolution
		Debug|Any CPU = Debug|Any CPU
		Release|Any CPU = Release|Any CPU
	EndGlobalSection
	GlobalSection(ProjectConfigurationPlatforms) = postSolution
		{DDE344CF-F4B6-442B-A3AF-48F2DB0D055A}.Debug|Any CPU.ActiveCfg = Debug|Any CPU
		{DDE344CF-F4B6-442B-A3AF-48F2DB0D055A}.Debug|Any CPU.Build.0 = Debug|Any CPU
		{DDE344CF-F4B6-442B-A3AF-48F2DB0D055A}.Release|Any CPU.ActiveCfg = Release|Any CPU
		{DDE344CF-F4B6-442B-A3AF-48F2DB0D055A}.Release|Any CPU.Build.0 = Release|Any CPU
		{7768F976-786F-4D41-87E8-BF288D34FB4F}.Debug|Any CPU.ActiveCfg = Debug|Any CPU
		{7768F976-786F-4D41-87E8-BF288D34FB4F}.Debug|Any CPU.Build.0 = Debug|Any CPU
		{7768F976-786F-4D41-87E8-BF288D34FB4F}.Release|Any CPU.ActiveCfg = Release|Any CPU
		{7768F976-786F-4D41-87E8-BF288D34FB4F}.Release|Any CPU.Build.0 = Release|Any CPU
		{3C18002A-2017-41DD-ACCF-4F762A61B4E5}.Debug|Any CPU.ActiveCfg = Debug|Any CPU
		{3C18002A-2017-41DD-ACCF-4F762A61B4E5}.Debug|Any CPU.Build.0 = Debug|Any CPU
		{3C18002A-2017-41DD-ACCF-4F762A61B4E5}.Release|Any CPU.ActiveCfg = Release|Any CPU
		{3C18002A-2017-41DD-ACCF-4F762A61B4E5}.Release|Any CPU.Build.0 = Release|Any CPU
		{D7810A87-1ABC-4D1B-8013-D787E4113DFD}.Debug|Any CPU.ActiveCfg = Debug|Any CPU
		{D7810A87-1ABC-4D1B-8013-D787E4113DFD}.Debug|Any CPU.Build.0 = Debug|Any CPU
		{D7810A87-1ABC-4D1B-8013-D787E4113DFD}.Release|Any CPU.ActiveCfg = Release|Any CPU
		{D7810A87-1ABC-4D1B-8013-D787E4113DFD}.Release|Any CPU.Build.0 = Release|Any CPU
	EndGlobalSection
	GlobalSection(SolutionProperties) = preSolution
		HideSolutionNode = FALSE
	EndGlobalSection
EndGlobal
